# This file is automatically @generated by Cargo.
# It is not intended for manual editing.
version = 3

[[package]]
name = "eternaltwin_config"
version = "0.1.0"

[[package]]
name = "eternaltwin_core"
version = "0.1.0"

[[package]]
name = "foo_bin"
version = "0.1.0"
dependencies = [
 "eternaltwin_config",
 "eternaltwin_core",
]
